
Microsoft Visual Studio Solution File, Format Version 12.00
# Visual Studio Version 17
VisualStudioVersion = 17.9.34728.123
MinimumVisualStudioVersion = 10.0.40219.1
Project("{FAE04EC0-301F-11D3-BF4B-00C04F79EFBC}") = "myproject", "myproject.csproj", "{2C48530F-AE30-4FF5-A1A7-73570156175E}"
EndProject
Global
	GlobalSection(SolutionConfigurationPlatforms) = preSolution
		Debug|Any CPU = Debug|Any CPU
		Release|Any CPU = Release|Any CPU
	EndGlobalSection
	GlobalSection(ProjectConfigurationPlatforms) = postSolution
		{2C48530F-AE30-4FF5-A1A7-73570156175E}.Debug|Any CPU.ActiveCfg = Debug|Any CPU
		{2C48530F-AE30-4FF5-A1A7-73570156175E}.Debug|Any CPU.Build.0 = Debug|Any CPU
		{2C48530F-AE30-4FF5-A1A7-73570156175E}.Release|Any CPU.ActiveCfg = Release|Any CPU
		{2C48530F-AE30-4FF5-A1A7-73570156175E}.Release|Any CPU.Build.0 = Release|Any CPU
	EndGlobalSection
	GlobalSection(SolutionProperties) = preSolution
		HideSolutionNode = FALSE
	EndGlobalSection
	GlobalSection(ExtensibilityGlobals) = postSolution
		SolutionGuid = {0D226F68-8BBF-4EDE-92D5-96580DA84737}
	EndGlobalSection
EndGlobal
